// !$*UTF8*$!
{
	archiveVersion = 1;
	classes = {
	};
	objectVersion = 46;
	objects = {

/* Begin PBXBuildFile section */
		04F57B411B593EEF00E41D57 /* main.m in Sources */ = {isa = PBXBuildFile; fileRef = 04F57B401B593EEF00E41D57 /* main.m */; };
		04F57B441B593EEF00E41D57 /* AppDelegate.m in Sources */ = {isa = PBXBuildFile; fileRef = 04F57B431B593EEF00E41D57 /* AppDelegate.m */; };
		04F57B471B593EEF00E41D57 /* HYWDownloadTest.xcdatamodeld in Sources */ = {isa = PBXBuildFile; fileRef = 04F57B451B593EEF00E41D57 /* HYWDownloadTest.xcdatamodeld */; };
		04F57B4A1B593EEF00E41D57 /* ViewController.m in Sources */ = {isa = PBXBuildFile; fileRef = 04F57B491B593EEF00E41D57 /* ViewController.m */; };
		04F57B4F1B593EEF00E41D57 /* Images.xcassets in Resources */ = {isa = PBXBuildFile; fileRef = 04F57B4E1B593EEF00E41D57 /* Images.xcassets */; };
		04F57B521B593EEF00E41D57 /* LaunchScreen.xib in Resources */ = {isa = PBXBuildFile; fileRef = 04F57B501B593EEF00E41D57 /* LaunchScreen.xib */; };
		04F57B5E1B593EEF00E41D57 /* HYWDownloadTestTests.m in Sources */ = {isa = PBXBuildFile; fileRef = 04F57B5D1B593EEF00E41D57 /* HYWDownloadTestTests.m */; };
		04F57B6B1B593F5200E41D57 /* HYWDownloadManager.m in Sources */ = {isa = PBXBuildFile; fileRef = 04F57B681B593F5200E41D57 /* HYWDownloadManager.m */; };
		04F57B6C1B593F5200E41D57 /* ProgressView.m in Sources */ = {isa = PBXBuildFile; fileRef = 04F57B6A1B593F5200E41D57 /* ProgressView.m */; };
		04F57B6F1B593F8E00E41D57 /* Main.storyboard in Resources */ = {isa = PBXBuildFile; fileRef = 04F57B6D1B593F8E00E41D57 /* Main.storyboard */; };
/* End PBXBuildFile section */

/* Begin PBXContainerItemProxy section */
		04F57B581B593EEF00E41D57 /* PBXContainerItemProxy */ = {
			isa = PBXContainerItemProxy;
			containerPortal = 04F57B331B593EEF00E41D57 /* Project object */;
			proxyType = 1;
			remoteGlobalIDString = 04F57B3A1B593EEF00E41D57;
			remoteInfo = HYWDownloadTest;
		};
/* End PBXContainerItemProxy section */

/* Begin PBXFileReference section */
		04F57B3B1B593EEF00E41D57 /* HYWDownloadTest.app */ = {isa = PBXFileReference; explicitFileType = wrapper.application; includeInIndex = 0; path = HYWDownloadTest.app; sourceTree = BUILT_PRODUCTS_DIR; };
		04F57B3F1B593EEF00E41D57 /* Info.plist */ = {isa = PBXFileReference; lastKnownFileType = text.plist.xml; path = Info.plist; sourceTree = "<group>"; };
		04F57B401B593EEF00E41D57 /* main.m */ = {isa = PBXFileReference; lastKnownFileType = sourcecode.c.objc; path = main.m; sourceTree = "<group>"; };
		04F57B421B593EEF00E41D57 /* AppDelegate.h */ = {isa = PBXFileReference; lastKnownFileType = sourcecode.c.h; path = AppDelegate.h; sourceTree = "<group>"; };
		04F57B431B593EEF00E41D57 /* AppDelegate.m */ = {isa = PBXFileReference; lastKnownFileType = sourcecode.c.objc; path = AppDelegate.m; sourceTree = "<group>"; };
		04F57B461B593EEF00E41D57 /* HYWDownloadTest.xcdatamodel */ = {isa = PBXFileReference; lastKnownFileType = wrapper.xcdatamodel; path = HYWDownloadTest.xcdatamodel; sourceTree = "<group>"; };
		04F57B481B593EEF00E41D57 /* ViewController.h */ = {isa = PBXFileReference; lastKnownFileType = sourcecode.c.h; path = ViewController.h; sourceTree = "<group>"; };
		04F57B491B593EEF00E41D57 /* ViewController.m */ = {isa = PBXFileReference; lastKnownFileType = sourcecode.c.objc; path = ViewController.m; sourceTree = "<group>"; };
		04F57B4E1B593EEF00E41D57 /* Images.xcassets */ = {isa = PBXFileReference; lastKnownFileType = folder.assetcatalog; path = Images.xcassets; sourceTree = "<group>"; };
		04F57B511B593EEF00E41D57 /* Base */ = {isa = PBXFileReference; lastKnownFileType = file.xib; name = Base; path = Base.lproj/LaunchScreen.xib; sourceTree = "<group>"; };
		04F57B571B593EEF00E41D57 /* HYWDownloadTestTests.xctest */ = {isa = PBXFileReference; explicitFileType = wrapper.cfbundle; includeInIndex = 0; path = HYWDownloadTestTests.xctest; sourceTree = BUILT_PRODUCTS_DIR; };
		04F57B5C1B593EEF00E41D57 /* Info.plist */ = {isa = PBXFileReference; lastKnownFileType = text.plist.xml; path = Info.plist; sourceTree = "<group>"; };
		04F57B5D1B593EEF00E41D57 /* HYWDownloadTestTests.m */ = {isa = PBXFileReference; lastKnownFileType = sourcecode.c.objc; path = HYWDownloadTestTests.m; sourceTree = "<group>"; };
		04F57B671B593F5200E41D57 /* HYWDownloadManager.h */ = {isa = PBXFileReference; fileEncoding = 4; lastKnownFileType = sourcecode.c.h; path = HYWDownloadManager.h; sourceTree = "<group>"; };
		04F57B681B593F5200E41D57 /* HYWDownloadManager.m */ = {isa = PBXFileReference; fileEncoding = 4; lastKnownFileType = sourcecode.c.objc; path = HYWDownloadManager.m; sourceTree = "<group>"; };
		04F57B691B593F5200E41D57 /* ProgressView.h */ = {isa = PBXFileReference; fileEncoding = 4; lastKnownFileType = sourcecode.c.h; path = ProgressView.h; sourceTree = "<group>"; };
		04F57B6A1B593F5200E41D57 /* ProgressView.m */ = {isa = PBXFileReference; fileEncoding = 4; lastKnownFileType = sourcecode.c.objc; path = ProgressView.m; sourceTree = "<group>"; };
		04F57B6E1B593F8E00E41D57 /* Base */ = {isa = PBXFileReference; lastKnownFileType = file.storyboard; name = Base; path = Base.lproj/Main.storyboard; sourceTree = "<group>"; };
/* End PBXFileReference section */

/* Begin PBXFrameworksBuildPhase section */
		04F57B381B593EEF00E41D57 /* Frameworks */ = {
			isa = PBXFrameworksBuildPhase;
			buildActionMask = 2147483647;
			files = (
			);
			runOnlyForDeploymentPostprocessing = 0;
		};
		04F57B541B593EEF00E41D57 /* Frameworks */ = {
			isa = PBXFrameworksBuildPhase;
			buildActionMask = 2147483647;
			files = (
			);
			runOnlyForDeploymentPostprocessing = 0;
		};
/* End PBXFrameworksBuildPhase section */

/* Begin PBXGroup section */
		04F57B321B593EEF00E41D57 = {
			isa = PBXGroup;
			children = (
				04F57B3D1B593EEF00E41D57 /* HYWDownloadTest */,
				04F57B5A1B593EEF00E41D57 /* HYWDownloadTestTests */,
				04F57B3C1B593EEF00E41D57 /* Products */,
			);
			sourceTree = "<group>";
		};
		04F57B3C1B593EEF00E41D57 /* Products */ = {
			isa = PBXGroup;
			children = (
				04F57B3B1B593EEF00E41D57 /* HYWDownloadTest.app */,
				04F57B571B593EEF00E41D57 /* HYWDownloadTestTests.xctest */,
			);
			name = Products;
			sourceTree = "<group>";
		};
		04F57B3D1B593EEF00E41D57 /* HYWDownloadTest */ = {
			isa = PBXGroup;
			children = (
				04F57B421B593EEF00E41D57 /* AppDelegate.h */,
				04F57B431B593EEF00E41D57 /* AppDelegate.m */,
				04F57B481B593EEF00E41D57 /* ViewController.h */,
				04F57B491B593EEF00E41D57 /* ViewController.m */,
				04F57B671B593F5200E41D57 /* HYWDownloadManager.h */,
				04F57B681B593F5200E41D57 /* HYWDownloadManager.m */,
				04F57B691B593F5200E41D57 /* ProgressView.h */,
				04F57B6A1B593F5200E41D57 /* ProgressView.m */,
				04F57B6D1B593F8E00E41D57 /* Main.storyboard */,
				04F57B4E1B593EEF00E41D57 /* Images.xcassets */,
				04F57B501B593EEF00E41D57 /* LaunchScreen.xib */,
				04F57B451B593EEF00E41D57 /* HYWDownloadTest.xcdatamodeld */,
				04F57B3E1B593EEF00E41D57 /* Supporting Files */,
			);
			path = HYWDownloadTest;
			sourceTree = "<group>";
		};
		04F57B3E1B593EEF00E41D57 /* Supporting Files */ = {
			isa = PBXGroup;
			children = (
				04F57B3F1B593EEF00E41D57 /* Info.plist */,
				04F57B401B593EEF00E41D57 /* main.m */,
			);
			name = "Supporting Files";
			sourceTree = "<group>";
		};
		04F57B5A1B593EEF00E41D57 /* HYWDownloadTestTests */ = {
			isa = PBXGroup;
			children = (
				04F57B5D1B593EEF00E41D57 /* HYWDownloadTestTests.m */,
				04F57B5B1B593EEF00E41D57 /* Supporting Files */,
			);
			path = HYWDownloadTestTests;
			sourceTree = "<group>";
		};
		04F57B5B1B593EEF00E41D57 /* Supporting Files */ = {
			isa = PBXGroup;
			children = (
				04F57B5C1B593EEF00E41D57 /* Info.plist */,
			);
			name = "Supporting Files";
			sourceTree = "<group>";
		};
/* End PBXGroup section */

/* Begin PBXNativeTarget section */
		04F57B3A1B593EEF00E41D57 /* HYWDownloadTest */ = {
			isa = PBXNativeTarget;
			buildConfigurationList = 04F57B611B593EEF00E41D57 /* Build configuration list for PBXNativeTarget "HYWDownloadTest" */;
			buildPhases = (
				04F57B371B593EEF00E41D57 /* Sources */,
				04F57B381B593EEF00E41D57 /* Frameworks */,
				04F57B391B593EEF00E41D57 /* Resources */,
			);
			buildRules = (
			);
			dependencies = (
			);
			name = HYWDownloadTest;
			productName = HYWDownloadTest;
			productReference = 04F57B3B1B593EEF00E41D57 /* HYWDownloadTest.app */;
			productType = "com.apple.product-type.application";
		};
		04F57B561B593EEF00E41D57 /* HYWDownloadTestTests */ = {
			isa = PBXNativeTarget;
			buildConfigurationList = 04F57B641B593EEF00E41D57 /* Build configuration list for PBXNativeTarget "HYWDownloadTestTests" */;
			buildPhases = (
				04F57B531B593EEF00E41D57 /* Sources */,
				04F57B541B593EEF00E41D57 /* Frameworks */,
				04F57B551B593EEF00E41D57 /* Resources */,
			);
			buildRules = (
			);
			dependencies = (
				04F57B591B593EEF00E41D57 /* PBXTargetDependency */,
			);
			name = HYWDownloadTestTests;
			productName = HYWDownloadTestTests;
			productReference = 04F57B571B593EEF00E41D57 /* HYWDownloadTestTests.xctest */;
			productType = "com.apple.product-type.bundle.unit-test";
		};
/* End PBXNativeTarget section */

/* Begin PBXProject section */
		04F57B331B593EEF00E41D57 /* Project object */ = {
			isa = PBXProject;
			attributes = {
				LastUpgradeCheck = 0630;
				ORGANIZATIONNAME = adhx;
				TargetAttributes = {
					04F57B3A1B593EEF00E41D57 = {
						CreatedOnToolsVersion = 6.3;
					};
					04F57B561B593EEF00E41D57 = {
						CreatedOnToolsVersion = 6.3;
						TestTargetID = 04F57B3A1B593EEF00E41D57;
					};
				};
			};
			buildConfigurationList = 04F57B361B593EEF00E41D57 /* Build configuration list for PBXProject "HYWDownloadTest" */;
			compatibilityVersion = "Xcode 3.2";
			developmentRegion = English;
			hasScannedForEncodings = 0;
			knownRegions = (
				en,
				Base,
			);
			mainGroup = 04F57B321B593EEF00E41D57;
			productRefGroup = 04F57B3C1B593EEF00E41D57 /* Products */;
			projectDirPath = "";
			projectRoot = "";
			targets = (
				04F57B3A1B593EEF00E41D57 /* HYWDownloadTest */,
				04F57B561B593EEF00E41D57 /* HYWDownloadTestTests */,
			);
		};
/* End PBXProject section */

/* Begin PBXResourcesBuildPhase section */
		04F57B391B593EEF00E41D57 /* Resources */ = {
			isa = PBXResourcesBuildPhase;
			buildActionMask = 2147483647;
			files = (
				04F57B6F1B593F8E00E41D57 /* Main.storyboard in Resources */,
				04F57B521B593EEF00E41D57 /* LaunchScreen.xib in Resources */,
				04F57B4F1B593EEF00E41D57 /* Images.xcassets in Resources */,
			);
			runOnlyForDeploymentPostprocessing = 0;
		};
		04F57B551B593EEF00E41D57 /* Resources */ = {
			isa = PBXResourcesBuildPhase;
			buildActionMask = 2147483647;
			files = (
			);
			runOnlyForDeploymentPostprocessing = 0;
		};
/* End PBXResourcesBuildPhase section */

/* Begin PBXSourcesBuildPhase section */
		04F57B371B593EEF00E41D57 /* Sources */ = {
			isa = PBXSourcesBuildPhase;
			buildActionMask = 2147483647;
			files = (
				04F57B441B593EEF00E41D57 /* AppDelegate.m in Sources */,
				04F57B471B593EEF00E41D57 /* HYWDownloadTest.xcdatamodeld in Sources */,
				04F57B6B1B593F5200E41D57 /* HYWDownloadManager.m in Sources */,
				04F57B4A1B593EEF00E41D57 /* ViewController.m in Sources */,
				04F57B411B593EEF00E41D57 /* main.m in Sources */,
				04F57B6C1B593F5200E41D57 /* ProgressView.m in Sources */,
			);
			runOnlyForDeploymentPostprocessing = 0;
		};
		04F57B531B593EEF00E41D57 /* Sources */ = {
			isa = PBXSourcesBuildPhase;
			buildActionMask = 2147483647;
			files = (
				04F57B5E1B593EEF00E41D57 /* HYWDownloadTestTests.m in Sources */,
			);
			runOnlyForDeploymentPostprocessing = 0;
		};
/* End PBXSourcesBuildPhase section */

/* Begin PBXTargetDependency section */
		04F57B591B593EEF00E41D57 /* PBXTargetDependency */ = {
			isa = PBXTargetDependency;
			target = 04F57B3A1B593EEF00E41D57 /* HYWDownloadTest */;
			targetProxy = 04F57B581B593EEF00E41D57 /* PBXContainerItemProxy */;
		};
/* End PBXTargetDependency section */

/* Begin PBXVariantGroup section */
		04F57B501B593EEF00E41D57 /* LaunchScreen.xib */ = {
			isa = PBXVariantGroup;
			children = (
				04F57B511B593EEF00E41D57 /* Base */,
			);
			name = LaunchScreen.xib;
			sourceTree = "<group>";
		};
		04F57B6D1B593F8E00E41D57 /* Main.storyboard */ = {
			isa = PBXVariantGroup;
			children = (
				04F57B6E1B593F8E00E41D57 /* Base */,
			);
			name = Main.storyboard;
			sourceTree = "<group>";
		};
/* End PBXVariantGroup section */

/* Begin XCBuildConfiguration section */
		04F57B5F1B593EEF00E41D57 /* Debug */ = {
			isa = XCBuildConfiguration;
			buildSettings = {
				ALWAYS_SEARCH_USER_PATHS = NO;
				CLANG_CXX_LANGUAGE_STANDARD = "gnu++0x";
				CLANG_CXX_LIBRARY = "libc++";
				CLANG_ENABLE_MODULES = YES;
				CLANG_ENABLE_OBJC_ARC = YES;
				CLANG_WARN_BOOL_CONVERSION = YES;
				CLANG_WARN_CONSTANT_CONVERSION = YES;
				CLANG_WARN_DIRECT_OBJC_ISA_USAGE = YES_ERROR;
				CLANG_WARN_EMPTY_BODY = YES;
				CLANG_WARN_ENUM_CONVERSION = YES;
				CLANG_WARN_INT_CONVERSION = YES;
				CLANG_WARN_OBJC_ROOT_CLASS = YES_ERROR;
				CLANG_WARN_UNREACHABLE_CODE = YES;
				CLANG_WARN__DUPLICATE_METHOD_MATCH = YES;
				"CODE_SIGN_IDENTITY[sdk=iphoneos*]" = "iPhone Developer";
				COPY_PHASE_STRIP = NO;
				DEBUG_INFORMATION_FORMAT = "dwarf-with-dsym";
				ENABLE_STRICT_OBJC_MSGSEND = YES;
				GCC_C_LANGUAGE_STANDARD = gnu99;
				GCC_DYNAMIC_NO_PIC = NO;
				GCC_NO_COMMON_BLOCKS = YES;
				GCC_OPTIMIZATION_LEVEL = 0;
				GCC_PREPROCESSOR_DEFINITIONS = (
					"DEBUG=1",
					"$(inherited)",
				);
				GCC_SYMBOLS_PRIVATE_EXTERN = NO;
				GCC_WARN_64_TO_32_BIT_CONVERSION = YES;
				GCC_WARN_ABOUT_RETURN_TYPE = YES_ERROR;
				GCC_WARN_UNDECLARED_SELECTOR = YES;
				GCC_WARN_UNINITIALIZED_AUTOS = YES_AGGRESSIVE;
				GCC_WARN_UNUSED_FUNCTION = YES;
				GCC_WARN_UNUSED_VARIABLE = YES;
				IPHONEOS_DEPLOYMENT_TARGET = 8.3;
				MTL_ENABLE_DEBUG_INFO = YES;
				ONLY_ACTIVE_ARCH = YES;
				SDKROOT = iphoneos;
			};
			name = Debug;
		};
		04F57B601B593EEF00E41D57 /* Release */ = {
			isa = XCBuildConfiguration;
			buildSettings = {
				ALWAYS_SEARCH_USER_PATHS = NO;
				CLANG_CXX_LANGUAGE_STANDARD = "gnu++0x";
				CLANG_CXX_LIBRARY = "libc++";
				CLANG_ENABLE_MODULES = YES;
				CLANG_ENABLE_OBJC_ARC = YES;
				CLANG_WARN_BOOL_CONVERSION = YES;
				CLANG_WARN_CONSTANT_CONVERSION = YES;
				CLANG_WARN_DIRECT_OBJC_ISA_USAGE = YES_ERROR;
				CLANG_WARN_EMPTY_BODY = YES;
				CLANG_WARN_ENUM_CONVERSION = YES;
				CLANG_WARN_INT_CONVERSION = YES;
				CLANG_WARN_OBJC_ROOT_CLASS = YES_ERROR;
				CLANG_WARN_UNREACHABLE_CODE = YES;
				CLANG_WARN__DUPLICATE_METHOD_MATCH = YES;
				"CODE_SIGN_IDENTITY[sdk=iphoneos*]" = "iPhone Developer";
				COPY_PHASE_STRIP = NO;
				DEBUG_INFORMATION_FORMAT = "dwarf-with-dsym";
				ENABLE_NS_ASSERTIONS = NO;
				ENABLE_STRICT_OBJC_MSGSEND = YES;
				GCC_C_LANGUAGE_STANDARD = gnu99;
				GCC_NO_COMMON_BLOCKS = YES;
				GCC_WARN_64_TO_32_BIT_CONVERSION = YES;
				GCC_WARN_ABOUT_RETURN_TYPE = YES_ERROR;
				GCC_WARN_UNDECLARED_SELECTOR = YES;
				GCC_WARN_UNINITIALIZED_AUTOS = YES_AGGRESSIVE;
				GCC_WARN_UNUSED_FUNCTION = YES;
				GCC_WARN_UNUSED_VARIABLE = YES;
				IPHONEOS_DEPLOYMENT_TARGET = 8.3;
				MTL_ENABLE_DEBUG_INFO = NO;
				SDKROOT = iphoneos;
				VALIDATE_PRODUCT = YES;
			};
			name = Release;
		};
		04F57B621B593EEF00E41D57 /* Debug */ = {
			isa = XCBuildConfiguration;
			buildSettings = {
				ASSETCATALOG_COMPILER_APPICON_NAME = AppIcon;
				INFOPLIST_FILE = HYWDownloadTest/Info.plist;
				LD_RUNPATH_SEARCH_PATHS = "$(inherited) @executable_path/Frameworks";
				PRODUCT_NAME = "$(TARGET_NAME)";
			};
			name = Debug;
		};
		04F57B631B593EEF00E41D57 /* Release */ = {
			isa = XCBuildConfiguration;
			buildSettings = {
				ASSETCATALOG_COMPILER_APPICON_NAME = AppIcon;
				INFOPLIST_FILE = HYWDownloadTest/Info.plist;
				LD_RUNPATH_SEARCH_PATHS = "$(inherited) @executable_path/Frameworks";
				PRODUCT_NAME = "$(TARGET_NAME)";
			};
			name = Release;
		};
		04F57B651B593EEF00E41D57 /* Debug */ = {
			isa = XCBuildConfiguration;
			buildSettings = {
				BUNDLE_LOADER = "$(TEST_HOST)";
				FRAMEWORK_SEARCH_PATHS = (
					"$(SDKROOT)/Developer/Library/Frameworks",
					"$(inherited)",
				);
				GCC_PREPROCESSOR_DEFINITIONS = (
					"DEBUG=1",
					"$(inherited)",
				);
				INFOPLIST_FILE = HYWDownloadTestTests/Info.plist;
				LD_RUNPATH_SEARCH_PATHS = "$(inherited) @executable_path/Frameworks @loader_path/Frameworks";
				PRODUCT_NAME = "$(TARGET_NAME)";
				TEST_HOST = "$(BUILT_PRODUCTS_DIR)/HYWDownloadTest.app/HYWDownloadTest";
			};
			name = Debug;
		};
		04F57B661B593EEF00E41D57 /* Release */ = {
			isa = XCBuildConfiguration;
			buildSettings = {
				BUNDLE_LOADER = "$(TEST_HOST)";
				FRAMEWORK_SEARCH_PATHS = (
					"$(SDKROOT)/Developer/Library/Frameworks",
					"$(inherited)",
				);
				INFOPLIST_FILE = HYWDownloadTestTests/Info.plist;
				LD_RUNPATH_SEARCH_PATHS = "$(inherited) @executable_path/Frameworks @loader_path/Frameworks";
				PRODUCT_NAME = "$(TARGET_NAME)";
				TEST_HOST = "$(BUILT_PRODUCTS_DIR)/HYWDownloadTest.app/HYWDownloadTest";
			};
			name = Release;
		};
/* End XCBuildConfiguration section */

/* Begin XCConfigurationList section */
		04F57B361B593EEF00E41D57 /* Build configuration list for PBXProject "HYWDownloadTest" */ = {
			isa = XCConfigurationList;
			buildConfigurations = (
				04F57B5F1B593EEF00E41D57 /* Debug */,
				04F57B601B593EEF00E41D57 /* Release */,
			);
			defaultConfigurationIsVisible = 0;
			defaultConfigurationName = Release;
		};
		04F57B611B593EEF00E41D57 /* Build configuration list for PBXNativeTarget "HYWDownloadTest" */ = {
			isa = XCConfigurationList;
			buildConfigurations = (
				04F57B621B593EEF00E41D57 /* Debug */,
				04F57B631B593EEF00E41D57 /* Release */,
			);
			defaultConfigurationIsVisible = 0;
		};
		04F57B641B593EEF00E41D57 /* Build configuration list for PBXNativeTarget "HYWDownloadTestTests" */ = {
			isa = XCConfigurationList;
			buildConfigurations = (
				04F57B651B593EEF00E41D57 /* Debug */,
				04F57B661B593EEF00E41D57 /* Release */,
			);
			defaultConfigurationIsVisible = 0;
		};
/* End XCConfigurationList section */

/* Begin XCVersionGroup section */
		04F57B451B593EEF00E41D57 /* HYWDownloadTest.xcdatamodeld */ = {
			isa = XCVersionGroup;
			children = (
				04F57B461B593EEF00E41D57 /* HYWDownloadTest.xcdatamodel */,
			);
			currentVersion = 04F57B461B593EEF00E41D57 /* HYWDownloadTest.xcdatamodel */;
			path = HYWDownloadTest.xcdatamodeld;
			sourceTree = "<group>";
			versionGroupType = wrapper.xcdatamodel;
		};
/* End XCVersionGroup section */
	};
	rootObject = 04F57B331B593EEF00E41D57 /* Project object */;
}
